// !$*UTF8*$!
{
	archiveVersion = 1;
	classes = {
	};
	objectVersion = 46;
	objects = {

/* Begin PBXBuildFile section */
		C671F9831B1A3F2900298645 /* AppDelegate.swift in Sources */ = {isa = PBXBuildFile; fileRef = C671F9821B1A3F2900298645 /* AppDelegate.swift */; };
		C671F9851B1A3F2900298645 /* ViewController.swift in Sources */ = {isa = PBXBuildFile; fileRef = C671F9841B1A3F2900298645 /* ViewController.swift */; };
		C671F9881B1A3F2900298645 /* Main.storyboard in Resources */ = {isa = PBXBuildFile; fileRef = C671F9861B1A3F2900298645 /* Main.storyboard */; };
		C671F98A1B1A3F2900298645 /* Images.xcassets in Resources */ = {isa = PBXBuildFile; fileRef = C671F9891B1A3F2900298645 /* Images.xcassets */; };
		C671F98D1B1A3F2900298645 /* LaunchScreen.xib in Resources */ = {isa = PBXBuildFile; fileRef = C671F98B1B1A3F2900298645 /* LaunchScreen.xib */; };
		C671F9991B1A3F2900298645 /* dynamic_meal_tableTests.swift in Sources */ = {isa = PBXBuildFile; fileRef = C671F9981B1A3F2900298645 /* dynamic_meal_tableTests.swift */; };
/* End PBXBuildFile section */

/* Begin PBXContainerItemProxy section */
		C671F9931B1A3F2900298645 /* PBXContainerItemProxy */ = {
			isa = PBXContainerItemProxy;
			containerPortal = C671F9751B1A3F2900298645 /* Project object */;
			proxyType = 1;
			remoteGlobalIDString = C671F97C1B1A3F2900298645;
			remoteInfo = "dynamic-meal-table";
		};
/* End PBXContainerItemProxy section */

/* Begin PBXFileReference section */
		C671F97D1B1A3F2900298645 /* dynamic-meal-table.app */ = {isa = PBXFileReference; explicitFileType = wrapper.application; includeInIndex = 0; path = "dynamic-meal-table.app"; sourceTree = BUILT_PRODUCTS_DIR; };
		C671F9811B1A3F2900298645 /* Info.plist */ = {isa = PBXFileReference; lastKnownFileType = text.plist.xml; path = Info.plist; sourceTree = "<group>"; };
		C671F9821B1A3F2900298645 /* AppDelegate.swift */ = {isa = PBXFileReference; lastKnownFileType = sourcecode.swift; path = AppDelegate.swift; sourceTree = "<group>"; };
		C671F9841B1A3F2900298645 /* ViewController.swift */ = {isa = PBXFileReference; lastKnownFileType = sourcecode.swift; path = ViewController.swift; sourceTree = "<group>"; };
		C671F9871B1A3F2900298645 /* Base */ = {isa = PBXFileReference; lastKnownFileType = file.storyboard; name = Base; path = Base.lproj/Main.storyboard; sourceTree = "<group>"; };
		C671F9891B1A3F2900298645 /* Images.xcassets */ = {isa = PBXFileReference; lastKnownFileType = folder.assetcatalog; path = Images.xcassets; sourceTree = "<group>"; };
		C671F98C1B1A3F2900298645 /* Base */ = {isa = PBXFileReference; lastKnownFileType = file.xib; name = Base; path = Base.lproj/LaunchScreen.xib; sourceTree = "<group>"; };
		C671F9921B1A3F2900298645 /* dynamic-meal-tableTests.xctest */ = {isa = PBXFileReference; explicitFileType = wrapper.cfbundle; includeInIndex = 0; path = "dynamic-meal-tableTests.xctest"; sourceTree = BUILT_PRODUCTS_DIR; };
		C671F9971B1A3F2900298645 /* Info.plist */ = {isa = PBXFileReference; lastKnownFileType = text.plist.xml; path = Info.plist; sourceTree = "<group>"; };
		C671F9981B1A3F2900298645 /* dynamic_meal_tableTests.swift */ = {isa = PBXFileReference; lastKnownFileType = sourcecode.swift; path = dynamic_meal_tableTests.swift; sourceTree = "<group>"; };
/* End PBXFileReference section */

/* Begin PBXFrameworksBuildPhase section */
		C671F97A1B1A3F2900298645 /* Frameworks */ = {
			isa = PBXFrameworksBuildPhase;
			buildActionMask = 2147483647;
			files = (
			);
			runOnlyForDeploymentPostprocessing = 0;
		};
		C671F98F1B1A3F2900298645 /* Frameworks */ = {
			isa = PBXFrameworksBuildPhase;
			buildActionMask = 2147483647;
			files = (
			);
			runOnlyForDeploymentPostprocessing = 0;
		};
/* End PBXFrameworksBuildPhase section */

/* Begin PBXGroup section */
		C671F9741B1A3F2900298645 = {
			isa = PBXGroup;
			children = (
				C671F97F1B1A3F2900298645 /* dynamic-meal-table */,
				C671F9951B1A3F2900298645 /* dynamic-meal-tableTests */,
				C671F97E1B1A3F2900298645 /* Products */,
			);
			sourceTree = "<group>";
		};
		C671F97E1B1A3F2900298645 /* Products */ = {
			isa = PBXGroup;
			children = (
				C671F97D1B1A3F2900298645 /* dynamic-meal-table.app */,
				C671F9921B1A3F2900298645 /* dynamic-meal-tableTests.xctest */,
			);
			name = Products;
			sourceTree = "<group>";
		};
		C671F97F1B1A3F2900298645 /* dynamic-meal-table */ = {
			isa = PBXGroup;
			children = (
				C671F9821B1A3F2900298645 /* AppDelegate.swift */,
				C671F9841B1A3F2900298645 /* ViewController.swift */,
				C671F9861B1A3F2900298645 /* Main.storyboard */,
				C671F9891B1A3F2900298645 /* Images.xcassets */,
				C671F98B1B1A3F2900298645 /* LaunchScreen.xib */,
				C671F9801B1A3F2900298645 /* Supporting Files */,
			);
			path = "dynamic-meal-table";
			sourceTree = "<group>";
		};
		C671F9801B1A3F2900298645 /* Supporting Files */ = {
			isa = PBXGroup;
			children = (
				C671F9811B1A3F2900298645 /* Info.plist */,
			);
			name = "Supporting Files";
			sourceTree = "<group>";
		};
		C671F9951B1A3F2900298645 /* dynamic-meal-tableTests */ = {
			isa = PBXGroup;
			children = (
				C671F9981B1A3F2900298645 /* dynamic_meal_tableTests.swift */,
				C671F9961B1A3F2900298645 /* Supporting Files */,
			);
			path = "dynamic-meal-tableTests";
			sourceTree = "<group>";
		};
		C671F9961B1A3F2900298645 /* Supporting Files */ = {
			isa = PBXGroup;
			children = (
				C671F9971B1A3F2900298645 /* Info.plist */,
			);
			name = "Supporting Files";
			sourceTree = "<group>";
		};
/* End PBXGroup section */

/* Begin PBXNativeTarget section */
		C671F97C1B1A3F2900298645 /* dynamic-meal-table */ = {
			isa = PBXNativeTarget;
			buildConfigurationList = C671F99C1B1A3F2900298645 /* Build configuration list for PBXNativeTarget "dynamic-meal-table" */;
			buildPhases = (
				C671F9791B1A3F2900298645 /* Sources */,
				C671F97A1B1A3F2900298645 /* Frameworks */,
				C671F97B1B1A3F2900298645 /* Resources */,
			);
			buildRules = (
			);
			dependencies = (
			);
			name = "dynamic-meal-table";
			productName = "dynamic-meal-table";
			productReference = C671F97D1B1A3F2900298645 /* dynamic-meal-table.app */;
			productType = "com.apple.product-type.application";
		};
		C671F9911B1A3F2900298645 /* dynamic-meal-tableTests */ = {
			isa = PBXNativeTarget;
			buildConfigurationList = C671F99F1B1A3F2900298645 /* Build configuration list for PBXNativeTarget "dynamic-meal-tableTests" */;
			buildPhases = (
				C671F98E1B1A3F2900298645 /* Sources */,
				C671F98F1B1A3F2900298645 /* Frameworks */,
				C671F9901B1A3F2900298645 /* Resources */,
			);
			buildRules = (
			);
			dependencies = (
				C671F9941B1A3F2900298645 /* PBXTargetDependency */,
			);
			name = "dynamic-meal-tableTests";
			productName = "dynamic-meal-tableTests";
			productReference = C671F9921B1A3F2900298645 /* dynamic-meal-tableTests.xctest */;
			productType = "com.apple.product-type.bundle.unit-test";
		};
/* End PBXNativeTarget section */

/* Begin PBXProject section */
		C671F9751B1A3F2900298645 /* Project object */ = {
			isa = PBXProject;
			attributes = {
				LastUpgradeCheck = 0620;
				ORGANIZATIONNAME = Neto;
				TargetAttributes = {
					C671F97C1B1A3F2900298645 = {
						CreatedOnToolsVersion = 6.2;
					};
					C671F9911B1A3F2900298645 = {
						CreatedOnToolsVersion = 6.2;
						TestTargetID = C671F97C1B1A3F2900298645;
					};
				};
			};
			buildConfigurationList = C671F9781B1A3F2900298645 /* Build configuration list for PBXProject "dynamic-meal-table" */;
			compatibilityVersion = "Xcode 3.2";
			developmentRegion = English;
			hasScannedForEncodings = 0;
			knownRegions = (
				en,
				Base,
			);
			mainGroup = C671F9741B1A3F2900298645;
			productRefGroup = C671F97E1B1A3F2900298645 /* Products */;
			projectDirPath = "";
			projectRoot = "";
			targets = (
				C671F97C1B1A3F2900298645 /* dynamic-meal-table */,
				C671F9911B1A3F2900298645 /* dynamic-meal-tableTests */,
			);
		};
/* End PBXProject section */

/* Begin PBXResourcesBuildPhase section */
		C671F97B1B1A3F2900298645 /* Resources */ = {
			isa = PBXResourcesBuildPhase;
			buildActionMask = 2147483647;
			files = (
				C671F9881B1A3F2900298645 /* Main.storyboard in Resources */,
				C671F98D1B1A3F2900298645 /* LaunchScreen.xib in Resources */,
				C671F98A1B1A3F2900298645 /* Images.xcassets in Resources */,
			);
			runOnlyForDeploymentPostprocessing = 0;
		};
		C671F9901B1A3F2900298645 /* Resources */ = {
			isa = PBXResourcesBuildPhase;
			buildActionMask = 2147483647;
			files = (
			);
			runOnlyForDeploymentPostprocessing = 0;
		};
/* End PBXResourcesBuildPhase section */

/* Begin PBXSourcesBuildPhase section */
		C671F9791B1A3F2900298645 /* Sources */ = {
			isa = PBXSourcesBuildPhase;
			buildActionMask = 2147483647;
			files = (
				C671F9851B1A3F2900298645 /* ViewController.swift in Sources */,
				C671F9831B1A3F2900298645 /* AppDelegate.swift in Sources */,
			);
			runOnlyForDeploymentPostprocessing = 0;
		};
		C671F98E1B1A3F2900298645 /* Sources */ = {
			isa = PBXSourcesBuildPhase;
			buildActionMask = 2147483647;
			files = (
				C671F9991B1A3F2900298645 /* dynamic_meal_tableTests.swift in Sources */,
			);
			runOnlyForDeploymentPostprocessing = 0;
		};
/* End PBXSourcesBuildPhase section */

/* Begin PBXTargetDependency section */
		C671F9941B1A3F2900298645 /* PBXTargetDependency */ = {
			isa = PBXTargetDependency;
			target = C671F97C1B1A3F2900298645 /* dynamic-meal-table */;
			targetProxy = C671F9931B1A3F2900298645 /* PBXContainerItemProxy */;
		};
/* End PBXTargetDependency section */

/* Begin PBXVariantGroup section */
		C671F9861B1A3F2900298645 /* Main.storyboard */ = {
			isa = PBXVariantGroup;
			children = (
				C671F9871B1A3F2900298645 /* Base */,
			);
			name = Main.storyboard;
			sourceTree = "<group>";
		};
		C671F98B1B1A3F2900298645 /* LaunchScreen.xib */ = {
			isa = PBXVariantGroup;
			children = (
				C671F98C1B1A3F2900298645 /* Base */,
			);
			name = LaunchScreen.xib;
			sourceTree = "<group>";
		};
/* End PBXVariantGroup section */

/* Begin XCBuildConfiguration section */
		C671F99A1B1A3F2900298645 /* Debug */ = {
			isa = XCBuildConfiguration;
			buildSettings = {
				ALWAYS_SEARCH_USER_PATHS = NO;
				CLANG_CXX_LANGUAGE_STANDARD = "gnu++0x";
				CLANG_CXX_LIBRARY = "libc++";
				CLANG_ENABLE_MODULES = YES;
				CLANG_ENABLE_OBJC_ARC = YES;
				CLANG_WARN_BOOL_CONVERSION = YES;
				CLANG_WARN_CONSTANT_CONVERSION = YES;
				CLANG_WARN_DIRECT_OBJC_ISA_USAGE = YES_ERROR;
				CLANG_WARN_EMPTY_BODY = YES;
				CLANG_WARN_ENUM_CONVERSION = YES;
				CLANG_WARN_INT_CONVERSION = YES;
				CLANG_WARN_OBJC_ROOT_CLASS = YES_ERROR;
				CLANG_WARN_UNREACHABLE_CODE = YES;
				CLANG_WARN__DUPLICATE_METHOD_MATCH = YES;
				"CODE_SIGN_IDENTITY[sdk=iphoneos*]" = "iPhone Developer";
				COPY_PHASE_STRIP = NO;
				ENABLE_STRICT_OBJC_MSGSEND = YES;
				GCC_C_LANGUAGE_STANDARD = gnu99;
				GCC_DYNAMIC_NO_PIC = NO;
				GCC_OPTIMIZATION_LEVEL = 0;
				GCC_PREPROCESSOR_DEFINITIONS = (
					"DEBUG=1",
					"$(inherited)",
				);
				GCC_SYMBOLS_PRIVATE_EXTERN = NO;
				GCC_WARN_64_TO_32_BIT_CONVERSION = YES;
				GCC_WARN_ABOUT_RETURN_TYPE = YES_ERROR;
				GCC_WARN_UNDECLARED_SELECTOR = YES;
				GCC_WARN_UNINITIALIZED_AUTOS = YES_AGGRESSIVE;
				GCC_WARN_UNUSED_FUNCTION = YES;
				GCC_WARN_UNUSED_VARIABLE = YES;
				IPHONEOS_DEPLOYMENT_TARGET = 8.2;
				MTL_ENABLE_DEBUG_INFO = YES;
				ONLY_ACTIVE_ARCH = YES;
				SDKROOT = iphoneos;
				SWIFT_OPTIMIZATION_LEVEL = "-Onone";
			};
			name = Debug;
		};
		C671F99B1B1A3F2900298645 /* Release */ = {
			isa = XCBuildConfiguration;
			buildSettings = {
				ALWAYS_SEARCH_USER_PATHS = NO;
				CLANG_CXX_LANGUAGE_STANDARD = "gnu++0x";
				CLANG_CXX_LIBRARY = "libc++";
				CLANG_ENABLE_MODULES = YES;
				CLANG_ENABLE_OBJC_ARC = YES;
				CLANG_WARN_BOOL_CONVERSION = YES;
				CLANG_WARN_CONSTANT_CONVERSION = YES;
				CLANG_WARN_DIRECT_OBJC_ISA_USAGE = YES_ERROR;
				CLANG_WARN_EMPTY_BODY = YES;
				CLANG_WARN_ENUM_CONVERSION = YES;
				CLANG_WARN_INT_CONVERSION = YES;
				CLANG_WARN_OBJC_ROOT_CLASS = YES_ERROR;
				CLANG_WARN_UNREACHABLE_CODE = YES;
				CLANG_WARN__DUPLICATE_METHOD_MATCH = YES;
				"CODE_SIGN_IDENTITY[sdk=iphoneos*]" = "iPhone Developer";
				COPY_PHASE_STRIP = NO;
				ENABLE_NS_ASSERTIONS = NO;
				ENABLE_STRICT_OBJC_MSGSEND = YES;
				GCC_C_LANGUAGE_STANDARD = gnu99;
				GCC_WARN_64_TO_32_BIT_CONVERSION = YES;
				GCC_WARN_ABOUT_RETURN_TYPE = YES_ERROR;
				GCC_WARN_UNDECLARED_SELECTOR = YES;
				GCC_WARN_UNINITIALIZED_AUTOS = YES_AGGRESSIVE;
				GCC_WARN_UNUSED_FUNCTION = YES;
				GCC_WARN_UNUSED_VARIABLE = YES;
				IPHONEOS_DEPLOYMENT_TARGET = 8.2;
				MTL_ENABLE_DEBUG_INFO = NO;
				SDKROOT = iphoneos;
				VALIDATE_PRODUCT = YES;
			};
			name = Release;
		};
		C671F99D1B1A3F2900298645 /* Debug */ = {
			isa = XCBuildConfiguration;
			buildSettings = {
				ASSETCATALOG_COMPILER_APPICON_NAME = AppIcon;
				INFOPLIST_FILE = "dynamic-meal-table/Info.plist";
				LD_RUNPATH_SEARCH_PATHS = "$(inherited) @executable_path/Frameworks";
				PRODUCT_NAME = "$(TARGET_NAME)";
			};
			name = Debug;
		};
		C671F99E1B1A3F2900298645 /* Release */ = {
			isa = XCBuildConfiguration;
			buildSettings = {
				ASSETCATALOG_COMPILER_APPICON_NAME = AppIcon;
				INFOPLIST_FILE = "dynamic-meal-table/Info.plist";
				LD_RUNPATH_SEARCH_PATHS = "$(inherited) @executable_path/Frameworks";
				PRODUCT_NAME = "$(TARGET_NAME)";
			};
			name = Release;
		};
		C671F9A01B1A3F2900298645 /* Debug */ = {
			isa = XCBuildConfiguration;
			buildSettings = {
				BUNDLE_LOADER = "$(TEST_HOST)";
				FRAMEWORK_SEARCH_PATHS = (
					"$(SDKROOT)/Developer/Library/Frameworks",
					"$(inherited)",
				);
				GCC_PREPROCESSOR_DEFINITIONS = (
					"DEBUG=1",
					"$(inherited)",
				);
				INFOPLIST_FILE = "dynamic-meal-tableTests/Info.plist";
				LD_RUNPATH_SEARCH_PATHS = "$(inherited) @executable_path/Frameworks @loader_path/Frameworks";
				PRODUCT_NAME = "$(TARGET_NAME)";
				TEST_HOST = "$(BUILT_PRODUCTS_DIR)/dynamic-meal-table.app/dynamic-meal-table";
			};
			name = Debug;
		};
		C671F9A11B1A3F2900298645 /* Release */ = {
			isa = XCBuildConfiguration;
			buildSettings = {
				BUNDLE_LOADER = "$(TEST_HOST)";
				FRAMEWORK_SEARCH_PATHS = (
					"$(SDKROOT)/Developer/Library/Frameworks",
					"$(inherited)",
				);
				INFOPLIST_FILE = "dynamic-meal-tableTests/Info.plist";
				LD_RUNPATH_SEARCH_PATHS = "$(inherited) @executable_path/Frameworks @loader_path/Frameworks";
				PRODUCT_NAME = "$(TARGET_NAME)";
				TEST_HOST = "$(BUILT_PRODUCTS_DIR)/dynamic-meal-table.app/dynamic-meal-table";
			};
			name = Release;
		};
/* End XCBuildConfiguration section */

/* Begin XCConfigurationList section */
		C671F9781B1A3F2900298645 /* Build configuration list for PBXProject "dynamic-meal-table" */ = {
			isa = XCConfigurationList;
			buildConfigurations = (
				C671F99A1B1A3F2900298645 /* Debug */,
				C671F99B1B1A3F2900298645 /* Release */,
			);
			defaultConfigurationIsVisible = 0;
			defaultConfigurationName = Release;
		};
		C671F99C1B1A3F2900298645 /* Build configuration list for PBXNativeTarget "dynamic-meal-table" */ = {
			isa = XCConfigurationList;
			buildConfigurations = (
				C671F99D1B1A3F2900298645 /* Debug */,
				C671F99E1B1A3F2900298645 /* Release */,
			);
			defaultConfigurationIsVisible = 0;
		};
		C671F99F1B1A3F2900298645 /* Build configuration list for PBXNativeTarget "dynamic-meal-tableTests" */ = {
			isa = XCConfigurationList;
			buildConfigurations = (
				C671F9A01B1A3F2900298645 /* Debug */,
				C671F9A11B1A3F2900298645 /* Release */,
			);
			defaultConfigurationIsVisible = 0;
		};
/* End XCConfigurationList section */
	};
	rootObject = C671F9751B1A3F2900298645 /* Project object */;
}
